// !$*UTF8*$!
{
	archiveVersion = 1;
	classes = {
	};
	objectVersion = 55;
	objects = {

/* Begin PBXBuildFile section */
		469CA209287E20A4008C713A /* Follower.swift in Sources */ = {isa = PBXBuildFile; fileRef = 469CA208287E20A4008C713A /* Follower.swift */; };
		469CA20B287E20EB008C713A /* User.swift in Sources */ = {isa = PBXBuildFile; fileRef = 469CA20A287E20EB008C713A /* User.swift */; };
		469CA20E287E23A1008C713A /* NetworkManager.swift in Sources */ = {isa = PBXBuildFile; fileRef = 469CA20D287E23A1008C713A /* NetworkManager.swift */; };
		469CA210287E30A5008C713A /* Error+Ext.swift in Sources */ = {isa = PBXBuildFile; fileRef = 469CA20F287E30A5008C713A /* Error+Ext.swift */; };
		46A98E36285B68DC00483F81 /* AppDelegate.swift in Sources */ = {isa = PBXBuildFile; fileRef = 46A98E35285B68DC00483F81 /* AppDelegate.swift */; };
		46A98E38285B68DC00483F81 /* SceneDelegate.swift in Sources */ = {isa = PBXBuildFile; fileRef = 46A98E37285B68DC00483F81 /* SceneDelegate.swift */; };
		46A98E3F285B68DF00483F81 /* Assets.xcassets in Resources */ = {isa = PBXBuildFile; fileRef = 46A98E3E285B68DF00483F81 /* Assets.xcassets */; };
		46A98E42285B68DF00483F81 /* LaunchScreen.storyboard in Resources */ = {isa = PBXBuildFile; fileRef = 46A98E40285B68DF00483F81 /* LaunchScreen.storyboard */; };
		46A98E4A285CDCF000483F81 /* SearchViewController.swift in Sources */ = {isa = PBXBuildFile; fileRef = 46A98E49285CDCF000483F81 /* SearchViewController.swift */; };
		46A98E4C285CDD9200483F81 /* FavoritesListViewController.swift in Sources */ = {isa = PBXBuildFile; fileRef = 46A98E4B285CDD9200483F81 /* FavoritesListViewController.swift */; };
		46E2672528690C04004BBD43 /* GFButton.swift in Sources */ = {isa = PBXBuildFile; fileRef = 46E2672428690C04004BBD43 /* GFButton.swift */; };
		46E2672728690E12004BBD43 /* GFTextField.swift in Sources */ = {isa = PBXBuildFile; fileRef = 46E2672628690E12004BBD43 /* GFTextField.swift */; };
		46E2672928690F30004BBD43 /* AppStrings.swift in Sources */ = {isa = PBXBuildFile; fileRef = 46E2672828690F30004BBD43 /* AppStrings.swift */; };
		46FAB850287B5F3100F66B93 /* FollowerListViewController.swift in Sources */ = {isa = PBXBuildFile; fileRef = 46FAB84F287B5F3100F66B93 /* FollowerListViewController.swift */; };
		46FAB857287B86D500F66B93 /* String+Ext.swift in Sources */ = {isa = PBXBuildFile; fileRef = 46FAB856287B86D500F66B93 /* String+Ext.swift */; };
		46FAB859287B88AC00F66B93 /* GFTitleLabel.swift in Sources */ = {isa = PBXBuildFile; fileRef = 46FAB858287B88AC00F66B93 /* GFTitleLabel.swift */; };
		46FAB85B287B896900F66B93 /* GFBodyLabel.swift in Sources */ = {isa = PBXBuildFile; fileRef = 46FAB85A287B896900F66B93 /* GFBodyLabel.swift */; };
		46FAB860287B8AC000F66B93 /* GFAlertViewController.swift in Sources */ = {isa = PBXBuildFile; fileRef = 46FAB85F287B8AC000F66B93 /* GFAlertViewController.swift */; };
		46FAB862287B974100F66B93 /* UIViewController+Ext.swift in Sources */ = {isa = PBXBuildFile; fileRef = 46FAB861287B974100F66B93 /* UIViewController+Ext.swift */; };
/* End PBXBuildFile section */

/* Begin PBXFileReference section */
		469CA208287E20A4008C713A /* Follower.swift */ = {isa = PBXFileReference; lastKnownFileType = sourcecode.swift; path = Follower.swift; sourceTree = "<group>"; };
		469CA20A287E20EB008C713A /* User.swift */ = {isa = PBXFileReference; lastKnownFileType = sourcecode.swift; path = User.swift; sourceTree = "<group>"; };
		469CA20D287E23A1008C713A /* NetworkManager.swift */ = {isa = PBXFileReference; lastKnownFileType = sourcecode.swift; path = NetworkManager.swift; sourceTree = "<group>"; };
		469CA20F287E30A5008C713A /* Error+Ext.swift */ = {isa = PBXFileReference; lastKnownFileType = sourcecode.swift; path = "Error+Ext.swift"; sourceTree = "<group>"; };
		46A98E32285B68DC00483F81 /* GitHubFollowers.app */ = {isa = PBXFileReference; explicitFileType = wrapper.application; includeInIndex = 0; path = GitHubFollowers.app; sourceTree = BUILT_PRODUCTS_DIR; };
		46A98E35285B68DC00483F81 /* AppDelegate.swift */ = {isa = PBXFileReference; lastKnownFileType = sourcecode.swift; path = AppDelegate.swift; sourceTree = "<group>"; };
		46A98E37285B68DC00483F81 /* SceneDelegate.swift */ = {isa = PBXFileReference; lastKnownFileType = sourcecode.swift; path = SceneDelegate.swift; sourceTree = "<group>"; };
		46A98E3E285B68DF00483F81 /* Assets.xcassets */ = {isa = PBXFileReference; lastKnownFileType = folder.assetcatalog; path = Assets.xcassets; sourceTree = "<group>"; };
		46A98E41285B68DF00483F81 /* Base */ = {isa = PBXFileReference; lastKnownFileType = file.storyboard; name = Base; path = Base.lproj/LaunchScreen.storyboard; sourceTree = "<group>"; };
		46A98E43285B68DF00483F81 /* Info.plist */ = {isa = PBXFileReference; lastKnownFileType = text.plist.xml; path = Info.plist; sourceTree = "<group>"; };
		46A98E49285CDCF000483F81 /* SearchViewController.swift */ = {isa = PBXFileReference; lastKnownFileType = sourcecode.swift; path = SearchViewController.swift; sourceTree = "<group>"; };
		46A98E4B285CDD9200483F81 /* FavoritesListViewController.swift */ = {isa = PBXFileReference; lastKnownFileType = sourcecode.swift; path = FavoritesListViewController.swift; sourceTree = "<group>"; };
		46E2672428690C04004BBD43 /* GFButton.swift */ = {isa = PBXFileReference; lastKnownFileType = sourcecode.swift; path = GFButton.swift; sourceTree = "<group>"; };
		46E2672628690E12004BBD43 /* GFTextField.swift */ = {isa = PBXFileReference; lastKnownFileType = sourcecode.swift; path = GFTextField.swift; sourceTree = "<group>"; };
		46E2672828690F30004BBD43 /* AppStrings.swift */ = {isa = PBXFileReference; lastKnownFileType = sourcecode.swift; path = AppStrings.swift; sourceTree = "<group>"; };
		46FAB84F287B5F3100F66B93 /* FollowerListViewController.swift */ = {isa = PBXFileReference; lastKnownFileType = sourcecode.swift; path = FollowerListViewController.swift; sourceTree = "<group>"; };
		46FAB856287B86D500F66B93 /* String+Ext.swift */ = {isa = PBXFileReference; lastKnownFileType = sourcecode.swift; path = "String+Ext.swift"; sourceTree = "<group>"; };
		46FAB858287B88AC00F66B93 /* GFTitleLabel.swift */ = {isa = PBXFileReference; lastKnownFileType = sourcecode.swift; path = GFTitleLabel.swift; sourceTree = "<group>"; };
		46FAB85A287B896900F66B93 /* GFBodyLabel.swift */ = {isa = PBXFileReference; lastKnownFileType = sourcecode.swift; path = GFBodyLabel.swift; sourceTree = "<group>"; };
		46FAB85F287B8AC000F66B93 /* GFAlertViewController.swift */ = {isa = PBXFileReference; lastKnownFileType = sourcecode.swift; path = GFAlertViewController.swift; sourceTree = "<group>"; };
		46FAB861287B974100F66B93 /* UIViewController+Ext.swift */ = {isa = PBXFileReference; lastKnownFileType = sourcecode.swift; path = "UIViewController+Ext.swift"; sourceTree = "<group>"; };
/* End PBXFileReference section */

/* Begin PBXFrameworksBuildPhase section */
		46A98E2F285B68DC00483F81 /* Frameworks */ = {
			isa = PBXFrameworksBuildPhase;
			buildActionMask = 2147483647;
			files = (
			);
			runOnlyForDeploymentPostprocessing = 0;
		};
/* End PBXFrameworksBuildPhase section */

/* Begin PBXGroup section */
		469CA207287E208D008C713A /* Model */ = {
			isa = PBXGroup;
			children = (
				469CA208287E20A4008C713A /* Follower.swift */,
				469CA20A287E20EB008C713A /* User.swift */,
			);
			path = Model;
			sourceTree = "<group>";
		};
		469CA20C287E238E008C713A /* Managers */ = {
			isa = PBXGroup;
			children = (
				469CA20D287E23A1008C713A /* NetworkManager.swift */,
			);
			path = Managers;
			sourceTree = "<group>";
		};
		46A98E29285B68DC00483F81 = {
			isa = PBXGroup;
			children = (
				46A98E34285B68DC00483F81 /* GitHubFollowers */,
				46A98E4B285CDD9200483F81 /* FavoritesListViewController.swift */,
				46FAB84F287B5F3100F66B93 /* FollowerListViewController.swift */,
				46A98E49285CDCF000483F81 /* SearchViewController.swift */,
				46A98E33285B68DC00483F81 /* Products */,
			);
			sourceTree = "<group>";
		};
		46A98E33285B68DC00483F81 /* Products */ = {
			isa = PBXGroup;
			children = (
				46A98E32285B68DC00483F81 /* GitHubFollowers.app */,
			);
			name = Products;
			sourceTree = "<group>";
		};
		46A98E34285B68DC00483F81 /* GitHubFollowers */ = {
			isa = PBXGroup;
			children = (
				46FAB854287B5FB500F66B93 /* Components */,
				46FAB855287B86C700F66B93 /* Extensions */,
				469CA20C287E238E008C713A /* Managers */,
				469CA207287E208D008C713A /* Model */,
				46FAB853287B5FA400F66B93 /* Modules */,
				46FAB852287B5F6B00F66B93 /* Resources */,
				46FAB851287B5F5700F66B93 /* Support */,
			);
			path = GitHubFollowers;
			sourceTree = "<group>";
		};
		46FAB851287B5F5700F66B93 /* Support */ = {
			isa = PBXGroup;
			children = (
				46A98E35285B68DC00483F81 /* AppDelegate.swift */,
				46A98E37285B68DC00483F81 /* SceneDelegate.swift */,
				46A98E43285B68DF00483F81 /* Info.plist */,
				46A98E40285B68DF00483F81 /* LaunchScreen.storyboard */,
			);
			path = Support;
			sourceTree = "<group>";
		};
		46FAB852287B5F6B00F66B93 /* Resources */ = {
			isa = PBXGroup;
			children = (
				46E2672828690F30004BBD43 /* AppStrings.swift */,
				46A98E3E285B68DF00483F81 /* Assets.xcassets */,
			);
			path = Resources;
			sourceTree = "<group>";
		};
		46FAB853287B5FA400F66B93 /* Modules */ = {
			isa = PBXGroup;
			children = (
			);
			path = Modules;
			sourceTree = "<group>";
		};
		46FAB854287B5FB500F66B93 /* Components */ = {
			isa = PBXGroup;
			children = (
				46FAB85D287B8A4700F66B93 /* Alerts */,
				46FAB85C287B8A0900F66B93 /* Labels */,
				46E2672428690C04004BBD43 /* GFButton.swift */,
				46E2672628690E12004BBD43 /* GFTextField.swift */,
			);
			path = Components;
			sourceTree = "<group>";
		};
		46FAB855287B86C700F66B93 /* Extensions */ = {
			isa = PBXGroup;
			children = (
				46FAB856287B86D500F66B93 /* String+Ext.swift */,
				46FAB861287B974100F66B93 /* UIViewController+Ext.swift */,
				469CA20F287E30A5008C713A /* Error+Ext.swift */,
			);
			path = Extensions;
			sourceTree = "<group>";
		};
		46FAB85C287B8A0900F66B93 /* Labels */ = {
			isa = PBXGroup;
			children = (
				46FAB858287B88AC00F66B93 /* GFTitleLabel.swift */,
				46FAB85A287B896900F66B93 /* GFBodyLabel.swift */,
			);
			path = Labels;
			sourceTree = "<group>";
		};
		46FAB85D287B8A4700F66B93 /* Alerts */ = {
			isa = PBXGroup;
			children = (
				46FAB85F287B8AC000F66B93 /* GFAlertViewController.swift */,
			);
			path = Alerts;
			sourceTree = "<group>";
		};
/* End PBXGroup section */

/* Begin PBXNativeTarget section */
		46A98E31285B68DC00483F81 /* GitHubFollowers */ = {
			isa = PBXNativeTarget;
			buildConfigurationList = 46A98E46285B68DF00483F81 /* Build configuration list for PBXNativeTarget "GitHubFollowers" */;
			buildPhases = (
				46A98E2E285B68DC00483F81 /* Sources */,
				46A98E2F285B68DC00483F81 /* Frameworks */,
				46A98E30285B68DC00483F81 /* Resources */,
			);
			buildRules = (
			);
			dependencies = (
			);
			name = GitHubFollowers;
			productName = GitHubFollowers;
			productReference = 46A98E32285B68DC00483F81 /* GitHubFollowers.app */;
			productType = "com.apple.product-type.application";
		};
/* End PBXNativeTarget section */

/* Begin PBXProject section */
		46A98E2A285B68DC00483F81 /* Project object */ = {
			isa = PBXProject;
			attributes = {
				BuildIndependentTargetsInParallel = 1;
				LastSwiftUpdateCheck = 1340;
				LastUpgradeCheck = 1340;
				TargetAttributes = {
					46A98E31285B68DC00483F81 = {
						CreatedOnToolsVersion = 13.4.1;
					};
				};
			};
			buildConfigurationList = 46A98E2D285B68DC00483F81 /* Build configuration list for PBXProject "GitHubFollowers" */;
			compatibilityVersion = "Xcode 13.0";
			developmentRegion = en;
			hasScannedForEncodings = 0;
			knownRegions = (
				en,
				Base,
			);
			mainGroup = 46A98E29285B68DC00483F81;
			productRefGroup = 46A98E33285B68DC00483F81 /* Products */;
			projectDirPath = "";
			projectRoot = "";
			targets = (
				46A98E31285B68DC00483F81 /* GitHubFollowers */,
			);
		};
/* End PBXProject section */

/* Begin PBXResourcesBuildPhase section */
		46A98E30285B68DC00483F81 /* Resources */ = {
			isa = PBXResourcesBuildPhase;
			buildActionMask = 2147483647;
			files = (
				46A98E42285B68DF00483F81 /* LaunchScreen.storyboard in Resources */,
				46A98E3F285B68DF00483F81 /* Assets.xcassets in Resources */,
			);
			runOnlyForDeploymentPostprocessing = 0;
		};
/* End PBXResourcesBuildPhase section */

/* Begin PBXSourcesBuildPhase section */
		46A98E2E285B68DC00483F81 /* Sources */ = {
			isa = PBXSourcesBuildPhase;
			buildActionMask = 2147483647;
			files = (
				46FAB857287B86D500F66B93 /* String+Ext.swift in Sources */,
				469CA210287E30A5008C713A /* Error+Ext.swift in Sources */,
				469CA209287E20A4008C713A /* Follower.swift in Sources */,
				46FAB862287B974100F66B93 /* UIViewController+Ext.swift in Sources */,
				46E2672728690E12004BBD43 /* GFTextField.swift in Sources */,
				469CA20E287E23A1008C713A /* NetworkManager.swift in Sources */,
				46A98E4C285CDD9200483F81 /* FavoritesListViewController.swift in Sources */,
				46E2672528690C04004BBD43 /* GFButton.swift in Sources */,
				46A98E36285B68DC00483F81 /* AppDelegate.swift in Sources */,
				46FAB850287B5F3100F66B93 /* FollowerListViewController.swift in Sources */,
				469CA20B287E20EB008C713A /* User.swift in Sources */,
				46FAB85B287B896900F66B93 /* GFBodyLabel.swift in Sources */,
				46E2672928690F30004BBD43 /* AppStrings.swift in Sources */,
				46A98E4A285CDCF000483F81 /* SearchViewController.swift in Sources */,
				46FAB859287B88AC00F66B93 /* GFTitleLabel.swift in Sources */,
				46FAB860287B8AC000F66B93 /* GFAlertViewController.swift in Sources */,
				46A98E38285B68DC00483F81 /* SceneDelegate.swift in Sources */,
			);
			runOnlyForDeploymentPostprocessing = 0;
		};
/* End PBXSourcesBuildPhase section */

/* Begin PBXVariantGroup section */
		46A98E40285B68DF00483F81 /* LaunchScreen.storyboard */ = {
			isa = PBXVariantGroup;
			children = (
				46A98E41285B68DF00483F81 /* Base */,
			);
			name = LaunchScreen.storyboard;
			sourceTree = "<group>";
		};
/* End PBXVariantGroup section */

/* Begin XCBuildConfiguration section */
		46A98E44285B68DF00483F81 /* Debug */ = {
			isa = XCBuildConfiguration;
			buildSettings = {
				ALWAYS_SEARCH_USER_PATHS = NO;
				CLANG_ANALYZER_NONNULL = YES;
				CLANG_ANALYZER_NUMBER_OBJECT_CONVERSION = YES_AGGRESSIVE;
				CLANG_CXX_LANGUAGE_STANDARD = "gnu++17";
				CLANG_ENABLE_MODULES = YES;
				CLANG_ENABLE_OBJC_ARC = YES;
				CLANG_ENABLE_OBJC_WEAK = YES;
				CLANG_WARN_BLOCK_CAPTURE_AUTORELEASING = YES;
				CLANG_WARN_BOOL_CONVERSION = YES;
				CLANG_WARN_COMMA = YES;
				CLANG_WARN_CONSTANT_CONVERSION = YES;
				CLANG_WARN_DEPRECATED_OBJC_IMPLEMENTATIONS = YES;
				CLANG_WARN_DIRECT_OBJC_ISA_USAGE = YES_ERROR;
				CLANG_WARN_DOCUMENTATION_COMMENTS = YES;
				CLANG_WARN_EMPTY_BODY = YES;
				CLANG_WARN_ENUM_CONVERSION = YES;
				CLANG_WARN_INFINITE_RECURSION = YES;
				CLANG_WARN_INT_CONVERSION = YES;
				CLANG_WARN_NON_LITERAL_NULL_CONVERSION = YES;
				CLANG_WARN_OBJC_IMPLICIT_RETAIN_SELF = YES;
				CLANG_WARN_OBJC_LITERAL_CONVERSION = YES;
				CLANG_WARN_OBJC_ROOT_CLASS = YES_ERROR;
				CLANG_WARN_QUOTED_INCLUDE_IN_FRAMEWORK_HEADER = YES;
				CLANG_WARN_RANGE_LOOP_ANALYSIS = YES;
				CLANG_WARN_STRICT_PROTOTYPES = YES;
				CLANG_WARN_SUSPICIOUS_MOVE = YES;
				CLANG_WARN_UNGUARDED_AVAILABILITY = YES_AGGRESSIVE;
				CLANG_WARN_UNREACHABLE_CODE = YES;
				CLANG_WARN__DUPLICATE_METHOD_MATCH = YES;
				COPY_PHASE_STRIP = NO;
				DEBUG_INFORMATION_FORMAT = dwarf;
				ENABLE_STRICT_OBJC_MSGSEND = YES;
				ENABLE_TESTABILITY = YES;
				GCC_C_LANGUAGE_STANDARD = gnu11;
				GCC_DYNAMIC_NO_PIC = NO;
				GCC_NO_COMMON_BLOCKS = YES;
				GCC_OPTIMIZATION_LEVEL = 0;
				GCC_PREPROCESSOR_DEFINITIONS = (
					"DEBUG=1",
					"$(inherited)",
				);
				GCC_WARN_64_TO_32_BIT_CONVERSION = YES;
				GCC_WARN_ABOUT_RETURN_TYPE = YES_ERROR;
				GCC_WARN_UNDECLARED_SELECTOR = YES;
				GCC_WARN_UNINITIALIZED_AUTOS = YES_AGGRESSIVE;
				GCC_WARN_UNUSED_FUNCTION = YES;
				GCC_WARN_UNUSED_VARIABLE = YES;
				IPHONEOS_DEPLOYMENT_TARGET = 15.5;
				MTL_ENABLE_DEBUG_INFO = INCLUDE_SOURCE;
				MTL_FAST_MATH = YES;
				ONLY_ACTIVE_ARCH = YES;
				SDKROOT = iphoneos;
				SWIFT_ACTIVE_COMPILATION_CONDITIONS = DEBUG;
				SWIFT_OPTIMIZATION_LEVEL = "-Onone";
			};
			name = Debug;
		};
		46A98E45285B68DF00483F81 /* Release */ = {
			isa = XCBuildConfiguration;
			buildSettings = {
				ALWAYS_SEARCH_USER_PATHS = NO;
				CLANG_ANALYZER_NONNULL = YES;
				CLANG_ANALYZER_NUMBER_OBJECT_CONVERSION = YES_AGGRESSIVE;
				CLANG_CXX_LANGUAGE_STANDARD = "gnu++17";
				CLANG_ENABLE_MODULES = YES;
				CLANG_ENABLE_OBJC_ARC = YES;
				CLANG_ENABLE_OBJC_WEAK = YES;
				CLANG_WARN_BLOCK_CAPTURE_AUTORELEASING = YES;
				CLANG_WARN_BOOL_CONVERSION = YES;
				CLANG_WARN_COMMA = YES;
				CLANG_WARN_CONSTANT_CONVERSION = YES;
				CLANG_WARN_DEPRECATED_OBJC_IMPLEMENTATIONS = YES;
				CLANG_WARN_DIRECT_OBJC_ISA_USAGE = YES_ERROR;
				CLANG_WARN_DOCUMENTATION_COMMENTS = YES;
				CLANG_WARN_EMPTY_BODY = YES;
				CLANG_WARN_ENUM_CONVERSION = YES;
				CLANG_WARN_INFINITE_RECURSION = YES;
				CLANG_WARN_INT_CONVERSION = YES;
				CLANG_WARN_NON_LITERAL_NULL_CONVERSION = YES;
				CLANG_WARN_OBJC_IMPLICIT_RETAIN_SELF = YES;
				CLANG_WARN_OBJC_LITERAL_CONVERSION = YES;
				CLANG_WARN_OBJC_ROOT_CLASS = YES_ERROR;
				CLANG_WARN_QUOTED_INCLUDE_IN_FRAMEWORK_HEADER = YES;
				CLANG_WARN_RANGE_LOOP_ANALYSIS = YES;
				CLANG_WARN_STRICT_PROTOTYPES = YES;
				CLANG_WARN_SUSPICIOUS_MOVE = YES;
				CLANG_WARN_UNGUARDED_AVAILABILITY = YES_AGGRESSIVE;
				CLANG_WARN_UNREACHABLE_CODE = YES;
				CLANG_WARN__DUPLICATE_METHOD_MATCH = YES;
				COPY_PHASE_STRIP = NO;
				DEBUG_INFORMATION_FORMAT = "dwarf-with-dsym";
				ENABLE_NS_ASSERTIONS = NO;
				ENABLE_STRICT_OBJC_MSGSEND = YES;
				GCC_C_LANGUAGE_STANDARD = gnu11;
				GCC_NO_COMMON_BLOCKS = YES;
				GCC_WARN_64_TO_32_BIT_CONVERSION = YES;
				GCC_WARN_ABOUT_RETURN_TYPE = YES_ERROR;
				GCC_WARN_UNDECLARED_SELECTOR = YES;
				GCC_WARN_UNINITIALIZED_AUTOS = YES_AGGRESSIVE;
				GCC_WARN_UNUSED_FUNCTION = YES;
				GCC_WARN_UNUSED_VARIABLE = YES;
				IPHONEOS_DEPLOYMENT_TARGET = 15.5;
				MTL_ENABLE_DEBUG_INFO = NO;
				MTL_FAST_MATH = YES;
				SDKROOT = iphoneos;
				SWIFT_COMPILATION_MODE = wholemodule;
				SWIFT_OPTIMIZATION_LEVEL = "-O";
				VALIDATE_PRODUCT = YES;
			};
			name = Release;
		};
		46A98E47285B68DF00483F81 /* Debug */ = {
			isa = XCBuildConfiguration;
			buildSettings = {
				ASSETCATALOG_COMPILER_APPICON_NAME = AppIcon;
				ASSETCATALOG_COMPILER_GLOBAL_ACCENT_COLOR_NAME = AccentColor;
				CODE_SIGN_STYLE = Automatic;
				CURRENT_PROJECT_VERSION = 1;
				GENERATE_INFOPLIST_FILE = YES;
				INFOPLIST_FILE = GitHubFollowers/Support/Info.plist;
				INFOPLIST_KEY_UIApplicationSupportsIndirectInputEvents = YES;
				INFOPLIST_KEY_UILaunchStoryboardName = LaunchScreen;
				INFOPLIST_KEY_UISupportedInterfaceOrientations = UIInterfaceOrientationPortrait;
				INFOPLIST_KEY_UISupportedInterfaceOrientations_iPad = "UIInterfaceOrientationPortrait UIInterfaceOrientationPortraitUpsideDown UIInterfaceOrientationLandscapeLeft UIInterfaceOrientationLandscapeRight";
				INFOPLIST_KEY_UISupportedInterfaceOrientations_iPhone = "UIInterfaceOrientationPortrait UIInterfaceOrientationLandscapeLeft UIInterfaceOrientationLandscapeRight";
				LD_RUNPATH_SEARCH_PATHS = (
					"$(inherited)",
					"@executable_path/Frameworks",
				);
				MARKETING_VERSION = 1.0;
				PRODUCT_BUNDLE_IDENTIFIER = com.revangelista.GitHubFollowers;
				PRODUCT_NAME = "$(TARGET_NAME)";
				SWIFT_EMIT_LOC_STRINGS = YES;
				SWIFT_VERSION = 5.0;
				TARGETED_DEVICE_FAMILY = 1;
			};
			name = Debug;
		};
		46A98E48285B68DF00483F81 /* Release */ = {
			isa = XCBuildConfiguration;
			buildSettings = {
				ASSETCATALOG_COMPILER_APPICON_NAME = AppIcon;
				ASSETCATALOG_COMPILER_GLOBAL_ACCENT_COLOR_NAME = AccentColor;
				CODE_SIGN_STYLE = Automatic;
				CURRENT_PROJECT_VERSION = 1;
				GENERATE_INFOPLIST_FILE = YES;
				INFOPLIST_FILE = GitHubFollowers/Support/Info.plist;
				INFOPLIST_KEY_UIApplicationSupportsIndirectInputEvents = YES;
				INFOPLIST_KEY_UILaunchStoryboardName = LaunchScreen;
				INFOPLIST_KEY_UISupportedInterfaceOrientations = UIInterfaceOrientationPortrait;
				INFOPLIST_KEY_UISupportedInterfaceOrientations_iPad = "UIInterfaceOrientationPortrait UIInterfaceOrientationPortraitUpsideDown UIInterfaceOrientationLandscapeLeft UIInterfaceOrientationLandscapeRight";
				INFOPLIST_KEY_UISupportedInterfaceOrientations_iPhone = "UIInterfaceOrientationPortrait UIInterfaceOrientationLandscapeLeft UIInterfaceOrientationLandscapeRight";
				LD_RUNPATH_SEARCH_PATHS = (
					"$(inherited)",
					"@executable_path/Frameworks",
				);
				MARKETING_VERSION = 1.0;
				PRODUCT_BUNDLE_IDENTIFIER = com.revangelista.GitHubFollowers;
				PRODUCT_NAME = "$(TARGET_NAME)";
				SWIFT_EMIT_LOC_STRINGS = YES;
				SWIFT_VERSION = 5.0;
				TARGETED_DEVICE_FAMILY = 1;
			};
			name = Release;
		};
/* End XCBuildConfiguration section */

/* Begin XCConfigurationList section */
		46A98E2D285B68DC00483F81 /* Build configuration list for PBXProject "GitHubFollowers" */ = {
			isa = XCConfigurationList;
			buildConfigurations = (
				46A98E44285B68DF00483F81 /* Debug */,
				46A98E45285B68DF00483F81 /* Release */,
			);
			defaultConfigurationIsVisible = 0;
			defaultConfigurationName = Release;
		};
		46A98E46285B68DF00483F81 /* Build configuration list for PBXNativeTarget "GitHubFollowers" */ = {
			isa = XCConfigurationList;
			buildConfigurations = (
				46A98E47285B68DF00483F81 /* Debug */,
				46A98E48285B68DF00483F81 /* Release */,
			);
			defaultConfigurationIsVisible = 0;
			defaultConfigurationName = Release;
		};
/* End XCConfigurationList section */
	};
	rootObject = 46A98E2A285B68DC00483F81 /* Project object */;
}
